
Microsoft Visual Studio Solution File, Format Version 12.00
# Visual Studio Version 16
VisualStudioVersion = 16.0.30907.101
MinimumVisualStudioVersion = 10.0.40219.1
Project("{6EC3EE1D-3C4E-46DD-8F32-0CC8E7565705}") = "Day01", "Day01\Day01.fsproj", "{7D543639-42D9-4F32-A132-C7C36492BFB1}"
EndProject
Project("{6EC3EE1D-3C4E-46DD-8F32-0CC8E7565705}") = "Day02", "Day02\Day02.fsproj", "{0640DE37-1162-4785-9B11-468ED2F8D1E6}"
EndProject
Project("{6EC3EE1D-3C4E-46DD-8F32-0CC8E7565705}") = "Day03", "Day03\Day03.fsproj", "{88F526E4-7EAB-48CF-BC16-89E48D3A3B3D}"
EndProject
Project("{2150E333-8FDC-42A3-9474-1A3956D46DE8}") = "Solution Items", "Solution Items", "{6B65EDC3-CE8F-42DA-B5D9-2305CAB7E2F3}"
	ProjectSection(SolutionItems) = preProject
		scratchpad.fsx = scratchpad.fsx
		scratchpadQuarter1.fsx = scratchpadQuarter1.fsx
	EndProjectSection
EndProject
Project("{6EC3EE1D-3C4E-46DD-8F32-0CC8E7565705}") = "Day04", "Day04\Day04.fsproj", "{B925C6E8-A484-4E64-AE74-0C946044F87E}"
EndProject
Project("{6EC3EE1D-3C4E-46DD-8F32-0CC8E7565705}") = "Day05", "Day05\Day05.fsproj", "{5027E998-4C59-412F-8CB9-D818268B46F8}"
EndProject
Project("{6EC3EE1D-3C4E-46DD-8F32-0CC8E7565705}") = "AoC.Utils", "AoC.Utils\AoC.Utils.fsproj", "{256B220D-B07B-4786-9C71-ADB97E0BC3D3}"
EndProject
Project("{6EC3EE1D-3C4E-46DD-8F32-0CC8E7565705}") = "Day06", "Day06\Day06.fsproj", "{8DFDB73D-48E9-4576-81D7-7080CC921B73}"
EndProject
Project("{6EC3EE1D-3C4E-46DD-8F32-0CC8E7565705}") = "Day07", "Day07\Day07.fsproj", "{74D08215-BB7D-47CE-91A2-DC8FD2575A8D}"
EndProject
Project("{6EC3EE1D-3C4E-46DD-8F32-0CC8E7565705}") = "Day08", "Day08\Day08.fsproj", "{54748425-D421-46E6-A682-079910C4BCC0}"
EndProject
Project("{6EC3EE1D-3C4E-46DD-8F32-0CC8E7565705}") = "Day09", "Day09\Day09.fsproj", "{D51F2FA4-CDFC-4A9E-8EDB-0CC4E069CE2A}"
EndProject
Project("{6EC3EE1D-3C4E-46DD-8F32-0CC8E7565705}") = "Day10", "Day10\Day10.fsproj", "{77DCE4A9-942C-4B9A-AABE-941301C210B8}"
EndProject
Project("{F2A71F9B-5D33-465A-A702-920D77279786}") = "Day11", "Day11\Day11.fsproj", "{F4EBAFF2-054F-46C9-87A8-D0179D04A54D}"
EndProject
Project("{2150E333-8FDC-42A3-9474-1A3956D46DE8}") = "Quarter1", "Quarter1", "{574678F8-2D23-4B1C-80F4-2F9E78926869}"
EndProject
Project("{F2A71F9B-5D33-465A-A702-920D77279786}") = "Day12", "Day12\Day12.fsproj", "{016A6195-D3DA-49B4-951C-9B67714DDBE7}"
EndProject
Project("{F2A71F9B-5D33-465A-A702-920D77279786}") = "Day13", "Day13\Day13.fsproj", "{39EFFBA7-318A-436C-8D92-C62080A56F02}"
EndProject
Project("{2150E333-8FDC-42A3-9474-1A3956D46DE8}") = "Quarter2", "Quarter2", "{98192E5A-479A-4D2B-942B-A9538416B108}"
EndProject
Project("{F2A71F9B-5D33-465A-A702-920D77279786}") = "Day14", "Day14\Day14.fsproj", "{77286160-3206-4A5E-B938-CCA9D40D5DD5}"
EndProject
Project("{F2A71F9B-5D33-465A-A702-920D77279786}") = "Day15", "Day15\Day15.fsproj", "{0E2BA336-E13D-4032-8C53-86B7B08FA8E8}"
EndProject
Project("{F2A71F9B-5D33-465A-A702-920D77279786}") = "Day16", "Day16\Day16.fsproj", "{E997AFF4-BC2A-4231-B3B7-210329A90699}"
EndProject
Project("{F2A71F9B-5D33-465A-A702-920D77279786}") = "Day17", "Day17\Day17.fsproj", "{6B0EFF9C-9745-4005-A674-1B1AF15BA0C2}"
EndProject
Project("{F2A71F9B-5D33-465A-A702-920D77279786}") = "Day18", "Day18\Day18.fsproj", "{B4CF9331-F622-4402-B9B1-E7B97CC1B6F1}"
EndProject
Project("{2150E333-8FDC-42A3-9474-1A3956D46DE8}") = "Quarter3", "Quarter3", "{F101F6EC-34F1-421D-B3CF-448675F4668A}"
EndProject
Global
	GlobalSection(SolutionConfigurationPlatforms) = preSolution
		Debug|Any CPU = Debug|Any CPU
		Release|Any CPU = Release|Any CPU
	EndGlobalSection
	GlobalSection(ProjectConfigurationPlatforms) = postSolution
		{7D543639-42D9-4F32-A132-C7C36492BFB1}.Debug|Any CPU.ActiveCfg = Debug|Any CPU
		{7D543639-42D9-4F32-A132-C7C36492BFB1}.Debug|Any CPU.Build.0 = Debug|Any CPU
		{7D543639-42D9-4F32-A132-C7C36492BFB1}.Release|Any CPU.ActiveCfg = Release|Any CPU
		{7D543639-42D9-4F32-A132-C7C36492BFB1}.Release|Any CPU.Build.0 = Release|Any CPU
		{0640DE37-1162-4785-9B11-468ED2F8D1E6}.Debug|Any CPU.ActiveCfg = Debug|Any CPU
		{0640DE37-1162-4785-9B11-468ED2F8D1E6}.Debug|Any CPU.Build.0 = Debug|Any CPU
		{0640DE37-1162-4785-9B11-468ED2F8D1E6}.Release|Any CPU.ActiveCfg = Release|Any CPU
		{0640DE37-1162-4785-9B11-468ED2F8D1E6}.Release|Any CPU.Build.0 = Release|Any CPU
		{88F526E4-7EAB-48CF-BC16-89E48D3A3B3D}.Debug|Any CPU.ActiveCfg = Debug|Any CPU
		{88F526E4-7EAB-48CF-BC16-89E48D3A3B3D}.Debug|Any CPU.Build.0 = Debug|Any CPU
		{88F526E4-7EAB-48CF-BC16-89E48D3A3B3D}.Release|Any CPU.ActiveCfg = Release|Any CPU
		{88F526E4-7EAB-48CF-BC16-89E48D3A3B3D}.Release|Any CPU.Build.0 = Release|Any CPU
		{B925C6E8-A484-4E64-AE74-0C946044F87E}.Debug|Any CPU.ActiveCfg = Debug|Any CPU
		{B925C6E8-A484-4E64-AE74-0C946044F87E}.Debug|Any CPU.Build.0 = Debug|Any CPU
		{B925C6E8-A484-4E64-AE74-0C946044F87E}.Release|Any CPU.ActiveCfg = Release|Any CPU
		{B925C6E8-A484-4E64-AE74-0C946044F87E}.Release|Any CPU.Build.0 = Release|Any CPU
		{5027E998-4C59-412F-8CB9-D818268B46F8}.Debug|Any CPU.ActiveCfg = Debug|Any CPU
		{5027E998-4C59-412F-8CB9-D818268B46F8}.Debug|Any CPU.Build.0 = Debug|Any CPU
		{5027E998-4C59-412F-8CB9-D818268B46F8}.Release|Any CPU.ActiveCfg = Release|Any CPU
		{5027E998-4C59-412F-8CB9-D818268B46F8}.Release|Any CPU.Build.0 = Release|Any CPU
		{256B220D-B07B-4786-9C71-ADB97E0BC3D3}.Debug|Any CPU.ActiveCfg = Debug|Any CPU
		{256B220D-B07B-4786-9C71-ADB97E0BC3D3}.Debug|Any CPU.Build.0 = Debug|Any CPU
		{256B220D-B07B-4786-9C71-ADB97E0BC3D3}.Release|Any CPU.ActiveCfg = Release|Any CPU
		{256B220D-B07B-4786-9C71-ADB97E0BC3D3}.Release|Any CPU.Build.0 = Release|Any CPU
		{8DFDB73D-48E9-4576-81D7-7080CC921B73}.Debug|Any CPU.ActiveCfg = Debug|Any CPU
		{8DFDB73D-48E9-4576-81D7-7080CC921B73}.Debug|Any CPU.Build.0 = Debug|Any CPU
		{8DFDB73D-48E9-4576-81D7-7080CC921B73}.Release|Any CPU.ActiveCfg = Release|Any CPU
		{8DFDB73D-48E9-4576-81D7-7080CC921B73}.Release|Any CPU.Build.0 = Release|Any CPU
		{74D08215-BB7D-47CE-91A2-DC8FD2575A8D}.Debug|Any CPU.ActiveCfg = Debug|Any CPU
		{74D08215-BB7D-47CE-91A2-DC8FD2575A8D}.Debug|Any CPU.Build.0 = Debug|Any CPU
		{74D08215-BB7D-47CE-91A2-DC8FD2575A8D}.Release|Any CPU.ActiveCfg = Release|Any CPU
		{74D08215-BB7D-47CE-91A2-DC8FD2575A8D}.Release|Any CPU.Build.0 = Release|Any CPU
		{54748425-D421-46E6-A682-079910C4BCC0}.Debug|Any CPU.ActiveCfg = Debug|Any CPU
		{54748425-D421-46E6-A682-079910C4BCC0}.Debug|Any CPU.Build.0 = Debug|Any CPU
		{54748425-D421-46E6-A682-079910C4BCC0}.Release|Any CPU.ActiveCfg = Release|Any CPU
		{54748425-D421-46E6-A682-079910C4BCC0}.Release|Any CPU.Build.0 = Release|Any CPU
		{D51F2FA4-CDFC-4A9E-8EDB-0CC4E069CE2A}.Debug|Any CPU.ActiveCfg = Debug|Any CPU
		{D51F2FA4-CDFC-4A9E-8EDB-0CC4E069CE2A}.Debug|Any CPU.Build.0 = Debug|Any CPU
		{D51F2FA4-CDFC-4A9E-8EDB-0CC4E069CE2A}.Release|Any CPU.ActiveCfg = Release|Any CPU
		{D51F2FA4-CDFC-4A9E-8EDB-0CC4E069CE2A}.Release|Any CPU.Build.0 = Release|Any CPU
		{77DCE4A9-942C-4B9A-AABE-941301C210B8}.Debug|Any CPU.ActiveCfg = Debug|Any CPU
		{77DCE4A9-942C-4B9A-AABE-941301C210B8}.Debug|Any CPU.Build.0 = Debug|Any CPU
		{77DCE4A9-942C-4B9A-AABE-941301C210B8}.Release|Any CPU.ActiveCfg = Release|Any CPU
		{77DCE4A9-942C-4B9A-AABE-941301C210B8}.Release|Any CPU.Build.0 = Release|Any CPU
		{F4EBAFF2-054F-46C9-87A8-D0179D04A54D}.Debug|Any CPU.ActiveCfg = Debug|Any CPU
		{F4EBAFF2-054F-46C9-87A8-D0179D04A54D}.Debug|Any CPU.Build.0 = Debug|Any CPU
		{F4EBAFF2-054F-46C9-87A8-D0179D04A54D}.Release|Any CPU.ActiveCfg = Release|Any CPU
		{F4EBAFF2-054F-46C9-87A8-D0179D04A54D}.Release|Any CPU.Build.0 = Release|Any CPU
		{016A6195-D3DA-49B4-951C-9B67714DDBE7}.Debug|Any CPU.ActiveCfg = Debug|Any CPU
		{016A6195-D3DA-49B4-951C-9B67714DDBE7}.Debug|Any CPU.Build.0 = Debug|Any CPU
		{016A6195-D3DA-49B4-951C-9B67714DDBE7}.Release|Any CPU.ActiveCfg = Release|Any CPU
		{016A6195-D3DA-49B4-951C-9B67714DDBE7}.Release|Any CPU.Build.0 = Release|Any CPU
		{39EFFBA7-318A-436C-8D92-C62080A56F02}.Debug|Any CPU.ActiveCfg = Debug|Any CPU
		{39EFFBA7-318A-436C-8D92-C62080A56F02}.Debug|Any CPU.Build.0 = Debug|Any CPU
		{39EFFBA7-318A-436C-8D92-C62080A56F02}.Release|Any CPU.ActiveCfg = Release|Any CPU
		{39EFFBA7-318A-436C-8D92-C62080A56F02}.Release|Any CPU.Build.0 = Release|Any CPU
		{77286160-3206-4A5E-B938-CCA9D40D5DD5}.Debug|Any CPU.ActiveCfg = Debug|Any CPU
		{77286160-3206-4A5E-B938-CCA9D40D5DD5}.Debug|Any CPU.Build.0 = Debug|Any CPU
		{77286160-3206-4A5E-B938-CCA9D40D5DD5}.Release|Any CPU.ActiveCfg = Release|Any CPU
		{77286160-3206-4A5E-B938-CCA9D40D5DD5}.Release|Any CPU.Build.0 = Release|Any CPU
		{0E2BA336-E13D-4032-8C53-86B7B08FA8E8}.Debug|Any CPU.ActiveCfg = Debug|Any CPU
		{0E2BA336-E13D-4032-8C53-86B7B08FA8E8}.Debug|Any CPU.Build.0 = Debug|Any CPU
		{0E2BA336-E13D-4032-8C53-86B7B08FA8E8}.Release|Any CPU.ActiveCfg = Release|Any CPU
		{0E2BA336-E13D-4032-8C53-86B7B08FA8E8}.Release|Any CPU.Build.0 = Release|Any CPU
		{E997AFF4-BC2A-4231-B3B7-210329A90699}.Debug|Any CPU.ActiveCfg = Debug|Any CPU
		{E997AFF4-BC2A-4231-B3B7-210329A90699}.Debug|Any CPU.Build.0 = Debug|Any CPU
		{E997AFF4-BC2A-4231-B3B7-210329A90699}.Release|Any CPU.ActiveCfg = Release|Any CPU
		{E997AFF4-BC2A-4231-B3B7-210329A90699}.Release|Any CPU.Build.0 = Release|Any CPU
		{6B0EFF9C-9745-4005-A674-1B1AF15BA0C2}.Debug|Any CPU.ActiveCfg = Debug|Any CPU
		{6B0EFF9C-9745-4005-A674-1B1AF15BA0C2}.Debug|Any CPU.Build.0 = Debug|Any CPU
		{6B0EFF9C-9745-4005-A674-1B1AF15BA0C2}.Release|Any CPU.ActiveCfg = Release|Any CPU
		{6B0EFF9C-9745-4005-A674-1B1AF15BA0C2}.Release|Any CPU.Build.0 = Release|Any CPU
		{B4CF9331-F622-4402-B9B1-E7B97CC1B6F1}.Debug|Any CPU.ActiveCfg = Debug|Any CPU
		{B4CF9331-F622-4402-B9B1-E7B97CC1B6F1}.Debug|Any CPU.Build.0 = Debug|Any CPU
		{B4CF9331-F622-4402-B9B1-E7B97CC1B6F1}.Release|Any CPU.ActiveCfg = Release|Any CPU
		{B4CF9331-F622-4402-B9B1-E7B97CC1B6F1}.Release|Any CPU.Build.0 = Release|Any CPU
	EndGlobalSection
	GlobalSection(SolutionProperties) = preSolution
		HideSolutionNode = FALSE
	EndGlobalSection
	GlobalSection(NestedProjects) = preSolution
		{7D543639-42D9-4F32-A132-C7C36492BFB1} = {574678F8-2D23-4B1C-80F4-2F9E78926869}
		{0640DE37-1162-4785-9B11-468ED2F8D1E6} = {574678F8-2D23-4B1C-80F4-2F9E78926869}
		{88F526E4-7EAB-48CF-BC16-89E48D3A3B3D} = {574678F8-2D23-4B1C-80F4-2F9E78926869}
		{B925C6E8-A484-4E64-AE74-0C946044F87E} = {574678F8-2D23-4B1C-80F4-2F9E78926869}
		{5027E998-4C59-412F-8CB9-D818268B46F8} = {574678F8-2D23-4B1C-80F4-2F9E78926869}
		{8DFDB73D-48E9-4576-81D7-7080CC921B73} = {574678F8-2D23-4B1C-80F4-2F9E78926869}
		{74D08215-BB7D-47CE-91A2-DC8FD2575A8D} = {98192E5A-479A-4D2B-942B-A9538416B108}
		{54748425-D421-46E6-A682-079910C4BCC0} = {98192E5A-479A-4D2B-942B-A9538416B108}
		{D51F2FA4-CDFC-4A9E-8EDB-0CC4E069CE2A} = {98192E5A-479A-4D2B-942B-A9538416B108}
		{77DCE4A9-942C-4B9A-AABE-941301C210B8} = {98192E5A-479A-4D2B-942B-A9538416B108}
		{F4EBAFF2-054F-46C9-87A8-D0179D04A54D} = {98192E5A-479A-4D2B-942B-A9538416B108}
		{016A6195-D3DA-49B4-951C-9B67714DDBE7} = {98192E5A-479A-4D2B-942B-A9538416B108}
		{39EFFBA7-318A-436C-8D92-C62080A56F02} = {F101F6EC-34F1-421D-B3CF-448675F4668A}
		{0E2BA336-E13D-4032-8C53-86B7B08FA8E8} = {F101F6EC-34F1-421D-B3CF-448675F4668A}
		{E997AFF4-BC2A-4231-B3B7-210329A90699} = {F101F6EC-34F1-421D-B3CF-448675F4668A}
		{B4CF9331-F622-4402-B9B1-E7B97CC1B6F1} = {F101F6EC-34F1-421D-B3CF-448675F4668A}
	EndGlobalSection
	GlobalSection(ExtensibilityGlobals) = postSolution
		SolutionGuid = {8F9386CB-7EA5-422C-B47F-0E252F7C81C3}
	EndGlobalSection
EndGlobal
